<?xml version="1.0" encoding="utf-8"?>
<Project ToolsVersion="4.0" xmlns="http://schemas.microsoft.com/developer/msbuild/2003">
  <ItemGroup>
    <Filter Include="win32">
      <UniqueIdentifier>{84a8ebd7-7cf0-47f6-b75e-d441df67da40}</UniqueIdentifier>
    </Filter>
    <Filter Include="resource">
      <UniqueIdentifier>{715254bc-d70b-4ec5-bf29-467dd3ace079}</UniqueIdentifier>
    </Filter>
    <Filter Include="src">
      <UniqueIdentifier>{bb6c862e-70e9-49d9-81b7-3829a6f50471}</UniqueIdentifier>
    </Filter>
    <Filter Include="resource\Button">
      <UniqueIdentifier>{afb7140a-0179-44ec-8a70-3e90982a6f9d}</UniqueIdentifier>
    </Filter>
    <Filter Include="resource\game">
      <UniqueIdentifier>{4b369e9b-658a-4fed-8bf7-5c1012c1fcff}</UniqueIdentifier>
    </Filter>
    <Filter Include="resource\fonts">
      <UniqueIdentifier>{2a51458f-3d12-4c23-8397-a3c9e8831291}</UniqueIdentifier>
    </Filter>
  </ItemGroup>
  <ItemGroup>
    <ClCompile Include="main.cpp">
      <Filter>win32</Filter>
    </ClCompile>
    <ClCompile Include="..\Classes\AppDelegate.cpp" />
    <ClCompile Include="..\Classes\HelloWorldScene.cpp" />
    <ClCompile Include="..\Classes\MainScene.cpp" />
    <ClCompile Include="..\Classes\lvlChooseScene.cpp" />
    <ClCompile Include="..\Classes\PosEditorScene.cpp" />
    <ClCompile Include="..\Classes\PosEditorLayer.cpp" />
    <ClCompile Include="..\Classes\GetBackLayer.cpp" />
    <ClCompile Include="..\Classes\PosBase.cpp" />
    <ClCompile Include="..\Classes\PosEditorOpLayer.cpp" />
  </ItemGroup>
  <ItemGroup>
    <ClInclude Include="main.h">
      <Filter>win32</Filter>
    </ClInclude>
    <ClInclude Include="..\Classes\AppDelegate.h" />
    <ClInclude Include="..\Classes\HelloWorldScene.h" />
    <ClInclude Include="..\Classes\MainScene.h" />
    <ClInclude Include="..\Classes\lvlChooseScene.h" />
    <ClInclude Include="..\Classes\PosEditorScene.h" />
    <ClInclude Include="..\Classes\PosEditorLayer.h" />
    <ClInclude Include="..\Classes\GetBackLayer.h" />
    <ClInclude Include="..\Classes\PosBase.h" />
    <ClInclude Include="..\Classes\PosEditorOpLayer.h" />
  </ItemGroup>
  <ItemGroup>
    <ResourceCompile Include="game.rc">
      <Filter>resource</Filter>
    </ResourceCompile>
  </ItemGroup>
  <ItemGroup>
    <Image Include="..\res\Button\choose_btn_light.png">
      <Filter>resource\Button</Filter>
    </Image>
    <Image Include="..\res\Button\choose_btn_nor.png">
      <Filter>resource\Button</Filter>
    </Image>
    <Image Include="..\res\Button\public_ui_blue_btn.png">
      <Filter>resource\Button</Filter>
    </Image>
    <Image Include="..\res\Button\public_ui_green_btn.png">
      <Filter>resource\Button</Filter>
    </Image>
    <Image Include="..\res\Button\public_ui_orange_btn.png">
      <Filter>resource\Button</Filter>
    </Image>
    <Image Include="..\res\game\level_1.jpg">
      <Filter>resource\game</Filter>
    </Image>
    <Image Include="..\res\game\level_2.jpg">
      <Filter>resource\game</Filter>
    </Image>
    <Image Include="..\res\game\level_3.jpg">
      <Filter>resource\game</Filter>
    </Image>
    <Image Include="..\res\game\MainSceneBG.jpg">
      <Filter>resource\game</Filter>
    </Image>
  </ItemGroup>
  <ItemGroup>
    <Font Include="..\res\fonts\Marker Felt.ttf">
      <Filter>resource\fonts</Filter>
    </Font>
  </ItemGroup>
</Project>